
Microsoft Visual Studio Solution File, Format Version 12.00
# Visual Studio Version 17
VisualStudioVersion = 17.8.34525.116
MinimumVisualStudioVersion = 10.0.40219.1
Project("{2150E333-8FDC-42A3-9474-1A3956D46DE8}") = "src", "src", "{EE395D4D-D81B-470F-BB59-343B09093DA2}"
EndProject
Project("{2150E333-8FDC-42A3-9474-1A3956D46DE8}") = "Common", "Common", "{142FDF7E-09E1-4BB0-A1FA-943E6485AD68}"
EndProject
Project("{2150E333-8FDC-42A3-9474-1A3956D46DE8}") = "EndPoints", "EndPoints", "{48177A0F-DBD9-4031-947F-EFE74B6D38A0}"
EndProject
Project("{2150E333-8FDC-42A3-9474-1A3956D46DE8}") = "Modules", "Modules", "{5032AA5F-3C10-4B53-B50E-31A03F25F54F}"
EndProject
Project("{9A19103F-16F7-4668-BE54-9A1E7A4F7556}") = "Common.Application", "src\Common\Common.Application\Common.Application.csproj", "{22360090-3672-454E-9035-6EF288F072FB}"
EndProject
Project("{2150E333-8FDC-42A3-9474-1A3956D46DE8}") = "Blog", "Blog", "{5FB44761-4B6C-4488-90FA-E9CF7196F510}"
EndProject
Project("{FAE04EC0-301F-11D3-BF4B-00C04F79EFBC}") = "BlogModule", "src\Modules\BlogModule\BlogModule.csproj", "{00E0D6DF-18E3-4913-9444-585925EBA142}"
EndProject
Project("{FAE04EC0-301F-11D3-BF4B-00C04F79EFBC}") = "Common.Domain", "src\Common\Common.Domain\Common.Domain.csproj", "{8D4C581B-C19B-4D9B-A408-9BF6DCC5DF42}"
EndProject
Project("{FAE04EC0-301F-11D3-BF4B-00C04F79EFBC}") = "Common.Infrastructure", "src\Common\Common.Infrastructure\Common.Infrastructure.csproj", "{ED2485ED-82E2-4075-ADD6-69FDCA44EC9F}"
EndProject
Project("{FAE04EC0-301F-11D3-BF4B-00C04F79EFBC}") = "Common.Query", "src\Common\Common.Query\Common.Query.csproj", "{FBC811A5-F814-4E29-8447-43F2F1070259}"
EndProject
Global
	GlobalSection(SolutionConfigurationPlatforms) = preSolution
		Debug|Any CPU = Debug|Any CPU
		Release|Any CPU = Release|Any CPU
	EndGlobalSection
	GlobalSection(ProjectConfigurationPlatforms) = postSolution
		{22360090-3672-454E-9035-6EF288F072FB}.Debug|Any CPU.ActiveCfg = Debug|Any CPU
		{22360090-3672-454E-9035-6EF288F072FB}.Debug|Any CPU.Build.0 = Debug|Any CPU
		{22360090-3672-454E-9035-6EF288F072FB}.Release|Any CPU.ActiveCfg = Release|Any CPU
		{22360090-3672-454E-9035-6EF288F072FB}.Release|Any CPU.Build.0 = Release|Any CPU
		{00E0D6DF-18E3-4913-9444-585925EBA142}.Debug|Any CPU.ActiveCfg = Debug|Any CPU
		{00E0D6DF-18E3-4913-9444-585925EBA142}.Debug|Any CPU.Build.0 = Debug|Any CPU
		{00E0D6DF-18E3-4913-9444-585925EBA142}.Release|Any CPU.ActiveCfg = Release|Any CPU
		{00E0D6DF-18E3-4913-9444-585925EBA142}.Release|Any CPU.Build.0 = Release|Any CPU
		{8D4C581B-C19B-4D9B-A408-9BF6DCC5DF42}.Debug|Any CPU.ActiveCfg = Debug|Any CPU
		{8D4C581B-C19B-4D9B-A408-9BF6DCC5DF42}.Debug|Any CPU.Build.0 = Debug|Any CPU
		{8D4C581B-C19B-4D9B-A408-9BF6DCC5DF42}.Release|Any CPU.ActiveCfg = Release|Any CPU
		{8D4C581B-C19B-4D9B-A408-9BF6DCC5DF42}.Release|Any CPU.Build.0 = Release|Any CPU
		{ED2485ED-82E2-4075-ADD6-69FDCA44EC9F}.Debug|Any CPU.ActiveCfg = Debug|Any CPU
		{ED2485ED-82E2-4075-ADD6-69FDCA44EC9F}.Debug|Any CPU.Build.0 = Debug|Any CPU
		{ED2485ED-82E2-4075-ADD6-69FDCA44EC9F}.Release|Any CPU.ActiveCfg = Release|Any CPU
		{ED2485ED-82E2-4075-ADD6-69FDCA44EC9F}.Release|Any CPU.Build.0 = Release|Any CPU
		{FBC811A5-F814-4E29-8447-43F2F1070259}.Debug|Any CPU.ActiveCfg = Debug|Any CPU
		{FBC811A5-F814-4E29-8447-43F2F1070259}.Debug|Any CPU.Build.0 = Debug|Any CPU
		{FBC811A5-F814-4E29-8447-43F2F1070259}.Release|Any CPU.ActiveCfg = Release|Any CPU
		{FBC811A5-F814-4E29-8447-43F2F1070259}.Release|Any CPU.Build.0 = Release|Any CPU
	EndGlobalSection
	GlobalSection(SolutionProperties) = preSolution
		HideSolutionNode = FALSE
	EndGlobalSection
	GlobalSection(NestedProjects) = preSolution
		{142FDF7E-09E1-4BB0-A1FA-943E6485AD68} = {EE395D4D-D81B-470F-BB59-343B09093DA2}
		{48177A0F-DBD9-4031-947F-EFE74B6D38A0} = {EE395D4D-D81B-470F-BB59-343B09093DA2}
		{5032AA5F-3C10-4B53-B50E-31A03F25F54F} = {EE395D4D-D81B-470F-BB59-343B09093DA2}
		{22360090-3672-454E-9035-6EF288F072FB} = {142FDF7E-09E1-4BB0-A1FA-943E6485AD68}
		{5FB44761-4B6C-4488-90FA-E9CF7196F510} = {5032AA5F-3C10-4B53-B50E-31A03F25F54F}
		{00E0D6DF-18E3-4913-9444-585925EBA142} = {5FB44761-4B6C-4488-90FA-E9CF7196F510}
		{8D4C581B-C19B-4D9B-A408-9BF6DCC5DF42} = {142FDF7E-09E1-4BB0-A1FA-943E6485AD68}
		{ED2485ED-82E2-4075-ADD6-69FDCA44EC9F} = {142FDF7E-09E1-4BB0-A1FA-943E6485AD68}
		{FBC811A5-F814-4E29-8447-43F2F1070259} = {142FDF7E-09E1-4BB0-A1FA-943E6485AD68}
	EndGlobalSection
	GlobalSection(ExtensibilityGlobals) = postSolution
		SolutionGuid = {8E1E550D-3B33-4892-A88C-4C65C8BA5AF3}
	EndGlobalSection
EndGlobal
