
Microsoft Visual Studio Solution File, Format Version 12.00
# Visual Studio Version 16
VisualStudioVersion = 16.0.32510.428
MinimumVisualStudioVersion = 10.0.40219.1
Project("{2150E333-8FDC-42A3-9474-1A3956D46DE8}") = "src", "src", "{12019129-A692-4000-83A8-78B2FBCD5BF3}"
EndProject
Project("{2150E333-8FDC-42A3-9474-1A3956D46DE8}") = "docs", "docs", "{48F371F4-8DCA-4C40-98BE-7242EFCC851C}"
	ProjectSection(SolutionItems) = preProject
		docs\ClassDiagram.drawio = docs\ClassDiagram.drawio
		docs\SubDomains.drawio = docs\SubDomains.drawio
	EndProjectSection
EndProject
Project("{2150E333-8FDC-42A3-9474-1A3956D46DE8}") = "Modules", "Modules", "{7738100C-A137-492C-8E25-47A51FF131A4}"
EndProject
Project("{2150E333-8FDC-42A3-9474-1A3956D46DE8}") = "EndPoint", "EndPoint", "{E7B1F337-0F6C-40D0-BD7A-A1B7221447F7}"
EndProject
Project("{2150E333-8FDC-42A3-9474-1A3956D46DE8}") = "Common", "Common", "{08CE3298-629C-41EB-B64C-ADC7093007EE}"
EndProject
Project("{2150E333-8FDC-42A3-9474-1A3956D46DE8}") = "Blog", "Blog", "{D85E2A88-DCD0-405A-9E1C-B219E2C48A57}"
EndProject
Project("{9A19103F-16F7-4668-BE54-9A1E7A4F7556}") = "BlogModule", "src\Modules\Blog\BlogModule\BlogModule.csproj", "{601A1B74-E496-425A-BC4C-E0262E75AB07}"
EndProject
Global
	GlobalSection(SolutionConfigurationPlatforms) = preSolution
		Debug|Any CPU = Debug|Any CPU
		Release|Any CPU = Release|Any CPU
	EndGlobalSection
	GlobalSection(ProjectConfigurationPlatforms) = postSolution
		{601A1B74-E496-425A-BC4C-E0262E75AB07}.Debug|Any CPU.ActiveCfg = Debug|Any CPU
		{601A1B74-E496-425A-BC4C-E0262E75AB07}.Debug|Any CPU.Build.0 = Debug|Any CPU
		{601A1B74-E496-425A-BC4C-E0262E75AB07}.Release|Any CPU.ActiveCfg = Release|Any CPU
		{601A1B74-E496-425A-BC4C-E0262E75AB07}.Release|Any CPU.Build.0 = Release|Any CPU
	EndGlobalSection
	GlobalSection(SolutionProperties) = preSolution
		HideSolutionNode = FALSE
	EndGlobalSection
	GlobalSection(NestedProjects) = preSolution
		{7738100C-A137-492C-8E25-47A51FF131A4} = {12019129-A692-4000-83A8-78B2FBCD5BF3}
		{E7B1F337-0F6C-40D0-BD7A-A1B7221447F7} = {12019129-A692-4000-83A8-78B2FBCD5BF3}
		{08CE3298-629C-41EB-B64C-ADC7093007EE} = {12019129-A692-4000-83A8-78B2FBCD5BF3}
		{D85E2A88-DCD0-405A-9E1C-B219E2C48A57} = {7738100C-A137-492C-8E25-47A51FF131A4}
		{601A1B74-E496-425A-BC4C-E0262E75AB07} = {D85E2A88-DCD0-405A-9E1C-B219E2C48A57}
	EndGlobalSection
	GlobalSection(ExtensibilityGlobals) = postSolution
		SolutionGuid = {49A94C19-7D20-45CC-A57C-BB8E2F8D8495}
	EndGlobalSection
EndGlobal
