
Microsoft Visual Studio Solution File, Format Version 12.00
# Visual Studio Version 16
VisualStudioVersion = 16.0.32510.428
MinimumVisualStudioVersion = 10.0.40219.1
Project("{2150E333-8FDC-42A3-9474-1A3956D46DE8}") = "src", "src", "{12019129-A692-4000-83A8-78B2FBCD5BF3}"
EndProject
Project("{2150E333-8FDC-42A3-9474-1A3956D46DE8}") = "docs", "docs", "{48F371F4-8DCA-4C40-98BE-7242EFCC851C}"
	ProjectSection(SolutionItems) = preProject
		docs\ClassDiagram.drawio = docs\ClassDiagram.drawio
		docs\SubDomains.drawio = docs\SubDomains.drawio
	EndProjectSection
EndProject
Project("{2150E333-8FDC-42A3-9474-1A3956D46DE8}") = "Modules", "Modules", "{7738100C-A137-492C-8E25-47A51FF131A4}"
EndProject
Project("{2150E333-8FDC-42A3-9474-1A3956D46DE8}") = "EndPoint", "EndPoint", "{E7B1F337-0F6C-40D0-BD7A-A1B7221447F7}"
EndProject
Project("{2150E333-8FDC-42A3-9474-1A3956D46DE8}") = "Blog", "Blog", "{D85E2A88-DCD0-405A-9E1C-B219E2C48A57}"
EndProject
Project("{9A19103F-16F7-4668-BE54-9A1E7A4F7556}") = "BlogModule", "src\Modules\Blog\BlogModule\BlogModule.csproj", "{601A1B74-E496-425A-BC4C-E0262E75AB07}"
EndProject
Project("{2150E333-8FDC-42A3-9474-1A3956D46DE8}") = "Common", "Common", "{2CF7996F-FF15-49F4-B947-89E36B731078}"
EndProject
Project("{9A19103F-16F7-4668-BE54-9A1E7A4F7556}") = "Common.Domain", "src\Common.Domain\Common.Domain\Common.Domain.csproj", "{2F2EC0E6-7881-4EE8-982F-FE1C2A1DE30E}"
EndProject
Project("{9A19103F-16F7-4668-BE54-9A1E7A4F7556}") = "Common.Application", "src\Common\Common.Application\Common.Application.csproj", "{A9A6E456-5319-49FE-8606-4BC277E47E7E}"
EndProject
Project("{9A19103F-16F7-4668-BE54-9A1E7A4F7556}") = "Common.Infrastructure", "src\Common\Common.Infrastructure\Common.Infrastructure.csproj", "{F62A5D5B-7435-4E59-A256-F63C2909B055}"
EndProject
Project("{2150E333-8FDC-42A3-9474-1A3956D46DE8}") = "Ticket", "Ticket", "{CEF1D71B-E757-4D64-AE14-3EBCC2B39157}"
EndProject
Project("{9A19103F-16F7-4668-BE54-9A1E7A4F7556}") = "TicketModules", "src\Modules\Ticket\TicketModules\TicketModules.csproj", "{F7B763FA-C531-4FD5-BEE1-1D8D8D216920}"
EndProject
Project("{2150E333-8FDC-42A3-9474-1A3956D46DE8}") = "User", "User", "{556B9A5C-A550-4CC6-A25F-DA5D1D261304}"
EndProject
Project("{FAE04EC0-301F-11D3-BF4B-00C04F79EFBC}") = "UserModule.Core", "src\Modules\User\UserModule.Core\UserModule.Core.csproj", "{C479DFE4-05AB-43BD-8218-B8F8063BB677}"
EndProject
Project("{FAE04EC0-301F-11D3-BF4B-00C04F79EFBC}") = "UserModule.Data", "src\Module\User\UserModule.Data\UserModule.Data.csproj", "{938A1EA5-9354-4DF8-91B7-F3D0FC29CAE2}"
EndProject
Project("{FAE04EC0-301F-11D3-BF4B-00C04F79EFBC}") = "Common.Query", "src\Common\Common.Query\Common.Query.csproj", "{A31A7358-832D-4C68-B8E3-234582E5B393}"
EndProject
Global
	GlobalSection(SolutionConfigurationPlatforms) = preSolution
		Debug|Any CPU = Debug|Any CPU
		Release|Any CPU = Release|Any CPU
	EndGlobalSection
	GlobalSection(ProjectConfigurationPlatforms) = postSolution
		{601A1B74-E496-425A-BC4C-E0262E75AB07}.Debug|Any CPU.ActiveCfg = Debug|Any CPU
		{601A1B74-E496-425A-BC4C-E0262E75AB07}.Debug|Any CPU.Build.0 = Debug|Any CPU
		{601A1B74-E496-425A-BC4C-E0262E75AB07}.Release|Any CPU.ActiveCfg = Release|Any CPU
		{601A1B74-E496-425A-BC4C-E0262E75AB07}.Release|Any CPU.Build.0 = Release|Any CPU
		{2F2EC0E6-7881-4EE8-982F-FE1C2A1DE30E}.Debug|Any CPU.ActiveCfg = Debug|Any CPU
		{2F2EC0E6-7881-4EE8-982F-FE1C2A1DE30E}.Debug|Any CPU.Build.0 = Debug|Any CPU
		{2F2EC0E6-7881-4EE8-982F-FE1C2A1DE30E}.Release|Any CPU.ActiveCfg = Release|Any CPU
		{2F2EC0E6-7881-4EE8-982F-FE1C2A1DE30E}.Release|Any CPU.Build.0 = Release|Any CPU
		{A9A6E456-5319-49FE-8606-4BC277E47E7E}.Debug|Any CPU.ActiveCfg = Debug|Any CPU
		{A9A6E456-5319-49FE-8606-4BC277E47E7E}.Debug|Any CPU.Build.0 = Debug|Any CPU
		{A9A6E456-5319-49FE-8606-4BC277E47E7E}.Release|Any CPU.ActiveCfg = Release|Any CPU
		{A9A6E456-5319-49FE-8606-4BC277E47E7E}.Release|Any CPU.Build.0 = Release|Any CPU
		{F62A5D5B-7435-4E59-A256-F63C2909B055}.Debug|Any CPU.ActiveCfg = Debug|Any CPU
		{F62A5D5B-7435-4E59-A256-F63C2909B055}.Debug|Any CPU.Build.0 = Debug|Any CPU
		{F62A5D5B-7435-4E59-A256-F63C2909B055}.Release|Any CPU.ActiveCfg = Release|Any CPU
		{F62A5D5B-7435-4E59-A256-F63C2909B055}.Release|Any CPU.Build.0 = Release|Any CPU
		{F7B763FA-C531-4FD5-BEE1-1D8D8D216920}.Debug|Any CPU.ActiveCfg = Debug|Any CPU
		{F7B763FA-C531-4FD5-BEE1-1D8D8D216920}.Debug|Any CPU.Build.0 = Debug|Any CPU
		{F7B763FA-C531-4FD5-BEE1-1D8D8D216920}.Release|Any CPU.ActiveCfg = Release|Any CPU
		{F7B763FA-C531-4FD5-BEE1-1D8D8D216920}.Release|Any CPU.Build.0 = Release|Any CPU
		{C479DFE4-05AB-43BD-8218-B8F8063BB677}.Debug|Any CPU.ActiveCfg = Debug|Any CPU
		{C479DFE4-05AB-43BD-8218-B8F8063BB677}.Debug|Any CPU.Build.0 = Debug|Any CPU
		{C479DFE4-05AB-43BD-8218-B8F8063BB677}.Release|Any CPU.ActiveCfg = Release|Any CPU
		{C479DFE4-05AB-43BD-8218-B8F8063BB677}.Release|Any CPU.Build.0 = Release|Any CPU
		{938A1EA5-9354-4DF8-91B7-F3D0FC29CAE2}.Debug|Any CPU.ActiveCfg = Debug|Any CPU
		{938A1EA5-9354-4DF8-91B7-F3D0FC29CAE2}.Debug|Any CPU.Build.0 = Debug|Any CPU
		{938A1EA5-9354-4DF8-91B7-F3D0FC29CAE2}.Release|Any CPU.ActiveCfg = Release|Any CPU
		{938A1EA5-9354-4DF8-91B7-F3D0FC29CAE2}.Release|Any CPU.Build.0 = Release|Any CPU
		{A31A7358-832D-4C68-B8E3-234582E5B393}.Debug|Any CPU.ActiveCfg = Debug|Any CPU
		{A31A7358-832D-4C68-B8E3-234582E5B393}.Debug|Any CPU.Build.0 = Debug|Any CPU
		{A31A7358-832D-4C68-B8E3-234582E5B393}.Release|Any CPU.ActiveCfg = Release|Any CPU
		{A31A7358-832D-4C68-B8E3-234582E5B393}.Release|Any CPU.Build.0 = Release|Any CPU
	EndGlobalSection
	GlobalSection(SolutionProperties) = preSolution
		HideSolutionNode = FALSE
	EndGlobalSection
	GlobalSection(NestedProjects) = preSolution
		{7738100C-A137-492C-8E25-47A51FF131A4} = {12019129-A692-4000-83A8-78B2FBCD5BF3}
		{E7B1F337-0F6C-40D0-BD7A-A1B7221447F7} = {12019129-A692-4000-83A8-78B2FBCD5BF3}
		{D85E2A88-DCD0-405A-9E1C-B219E2C48A57} = {7738100C-A137-492C-8E25-47A51FF131A4}
		{601A1B74-E496-425A-BC4C-E0262E75AB07} = {D85E2A88-DCD0-405A-9E1C-B219E2C48A57}
		{2CF7996F-FF15-49F4-B947-89E36B731078} = {12019129-A692-4000-83A8-78B2FBCD5BF3}
		{2F2EC0E6-7881-4EE8-982F-FE1C2A1DE30E} = {2CF7996F-FF15-49F4-B947-89E36B731078}
		{A9A6E456-5319-49FE-8606-4BC277E47E7E} = {2CF7996F-FF15-49F4-B947-89E36B731078}
		{F62A5D5B-7435-4E59-A256-F63C2909B055} = {2CF7996F-FF15-49F4-B947-89E36B731078}
		{CEF1D71B-E757-4D64-AE14-3EBCC2B39157} = {7738100C-A137-492C-8E25-47A51FF131A4}
		{F7B763FA-C531-4FD5-BEE1-1D8D8D216920} = {CEF1D71B-E757-4D64-AE14-3EBCC2B39157}
		{556B9A5C-A550-4CC6-A25F-DA5D1D261304} = {7738100C-A137-492C-8E25-47A51FF131A4}
		{C479DFE4-05AB-43BD-8218-B8F8063BB677} = {556B9A5C-A550-4CC6-A25F-DA5D1D261304}
		{938A1EA5-9354-4DF8-91B7-F3D0FC29CAE2} = {556B9A5C-A550-4CC6-A25F-DA5D1D261304}
		{A31A7358-832D-4C68-B8E3-234582E5B393} = {2CF7996F-FF15-49F4-B947-89E36B731078}
	EndGlobalSection
	GlobalSection(ExtensibilityGlobals) = postSolution
		SolutionGuid = {49A94C19-7D20-45CC-A57C-BB8E2F8D8495}
	EndGlobalSection
EndGlobal
